
Microsoft Visual Studio Solution File, Format Version 12.00
# Visual Studio Version 17
VisualStudioVersion = 17.2.32616.157
MinimumVisualStudioVersion = 10.0.40219.1
Project("{FAE04EC0-301F-11D3-BF4B-00C04F79EFBC}") = "MultTable", "MultTable\MultTable.csproj", "{9FC5B8BF-E382-4B14-9722-0FB2026CDABB}"
EndProject
Global
	GlobalSection(SolutionConfigurationPlatforms) = preSolution
		Debug|Any CPU = Debug|Any CPU
		Release|Any CPU = Release|Any CPU
	EndGlobalSection
	GlobalSection(ProjectConfigurationPlatforms) = postSolution
		{9FC5B8BF-E382-4B14-9722-0FB2026CDABB}.Debug|Any CPU.ActiveCfg = Debug|Any CPU
		{9FC5B8BF-E382-4B14-9722-0FB2026CDABB}.Debug|Any CPU.Build.0 = Debug|Any CPU
		{9FC5B8BF-E382-4B14-9722-0FB2026CDABB}.Release|Any CPU.ActiveCfg = Release|Any CPU
		{9FC5B8BF-E382-4B14-9722-0FB2026CDABB}.Release|Any CPU.Build.0 = Release|Any CPU
	EndGlobalSection
	GlobalSection(SolutionProperties) = preSolution
		HideSolutionNode = FALSE
	EndGlobalSection
	GlobalSection(ExtensibilityGlobals) = postSolution
		SolutionGuid = {48A934D8-2614-4736-8BD6-D6AE55F77803}
	EndGlobalSection
EndGlobal
